schema: '2.0'
stages:
  get_data:
    cmd: python -m src.get_data
    deps:
    - path: params.yaml
      hash: md5
      md5: 10462aa121e493aa1377189a07da9ca7
      size: 290
    - path: src/config.py
      hash: md5
      md5: 5e243bea6ca86a2c76a38f9d92cccd5d
      size: 2678
    - path: src/get_data.py
      hash: md5
      md5: 477ce5115652e6103e08ddbdf93e592b
      size: 710
    - path: src/logger.py
      hash: md5
      md5: cf610ff3b7fc12dd49569fdca1a05603
      size: 853
    outs:
    - path: data/raw.csv
      hash: md5
      md5: 013d0da08d6506664ce640459139176b
      size: 3858
  prepare:
    cmd: python -m src.prepare
    deps:
    - path: data/raw.csv
      hash: md5
      md5: 013d0da08d6506664ce640459139176b
      size: 3858
    - path: params.yaml
      hash: md5
      md5: 10462aa121e493aa1377189a07da9ca7
      size: 290
    - path: src/config.py
      hash: md5
      md5: 5e243bea6ca86a2c76a38f9d92cccd5d
      size: 2678
    - path: src/logger.py
      hash: md5
      md5: cf610ff3b7fc12dd49569fdca1a05603
      size: 853
    - path: src/prepare.py
      hash: md5
      md5: 423b148a83c494969901083043ab08f7
      size: 1363
    outs:
    - path: data/test.csv
      hash: md5
      md5: 268cfc7176856b5452a592d4f1572910
      size: 597
    - path: data/train.csv
      hash: md5
      md5: 4111988f007af25783642b856aa5ac02
      size: 2217
  train:
    cmd: python -m src.train
    deps:
    - path: data/train.csv
      hash: md5
      md5: 4111988f007af25783642b856aa5ac02
      size: 2217
    - path: params.yaml
      hash: md5
      md5: 10462aa121e493aa1377189a07da9ca7
      size: 290
    - path: src/config.py
      hash: md5
      md5: 5e243bea6ca86a2c76a38f9d92cccd5d
      size: 2678
    - path: src/logger.py
      hash: md5
      md5: cf610ff3b7fc12dd49569fdca1a05603
      size: 853
    - path: src/train.py
      hash: md5
      md5: f2200b129736eed9f395abdf821088ee
      size: 2124
    outs:
    - path: artifacts/model.joblib
      hash: md5
      md5: 839b5f8da2a45e2a1533edf9d6a9b4e2
      size: 336449
  evaluate:
    cmd: python -m src.evaluate
    deps:
    - path: artifacts/model.joblib
      hash: md5
      md5: 839b5f8da2a45e2a1533edf9d6a9b4e2
      size: 336449
    - path: data/test.csv
      hash: md5
      md5: 268cfc7176856b5452a592d4f1572910
      size: 597
    - path: params.yaml
      hash: md5
      md5: 10462aa121e493aa1377189a07da9ca7
      size: 290
    - path: src/config.py
      hash: md5
      md5: 5e243bea6ca86a2c76a38f9d92cccd5d
      size: 2678
    - path: src/evaluate.py
      hash: md5
      md5: df287e45b79c7fcb2b36e3136ecc3c10
      size: 1656
    - path: src/logger.py
      hash: md5
      md5: cf610ff3b7fc12dd49569fdca1a05603
      size: 853
    outs:
    - path: metrics.json
      hash: md5
      md5: c48ab76fd6f60e4653cd84e4d434187d
      size: 157
